
Microsoft Visual Studio Solution File, Format Version 12.00
# Visual Studio 15
VisualStudioVersion = 15.0.26403.3
MinimumVisualStudioVersion = 10.0.40219.1
Project("{8BC9CEB8-8B4A-11D0-8D11-00A0C91BC942}") = "Ch2Ex1", "..\Ch2Ex1\Ch2Ex1.vcxproj", "{A4432BD4-D71E-418B-AA8F-EA13DA6ABC3C}"
EndProject
Project("{8BC9CEB8-8B4A-11D0-8D11-00A0C91BC942}") = "Ch2Ex3", "Ch2Ex3\Ch2Ex3.vcxproj", "{7F1B799D-0E78-49E7-8883-4EFC935B11CA}"
EndProject
Project("{8BC9CEB8-8B4A-11D0-8D11-00A0C91BC942}") = "Ch2Ex2", "Ch2Ex2\Ch2Ex2.vcxproj", "{B20F1227-8DA9-4741-98BF-5EF25E261434}"
EndProject
Global
	GlobalSection(SolutionConfigurationPlatforms) = preSolution
		Ch2Ex1|x64 = Ch2Ex1|x64
		Ch2Ex1|x86 = Ch2Ex1|x86
		Ch2Ex2|x64 = Ch2Ex2|x64
		Ch2Ex2|x86 = Ch2Ex2|x86
		Ch2Ex3|x64 = Ch2Ex3|x64
		Ch2Ex3|x86 = Ch2Ex3|x86
		Debug|x64 = Debug|x64
		Debug|x86 = Debug|x86
		Release|x64 = Release|x64
		Release|x86 = Release|x86
	EndGlobalSection
	GlobalSection(ProjectConfigurationPlatforms) = postSolution
		{A4432BD4-D71E-418B-AA8F-EA13DA6ABC3C}.Ch2Ex1|x64.ActiveCfg = Ch2Ex1|x64
		{A4432BD4-D71E-418B-AA8F-EA13DA6ABC3C}.Ch2Ex1|x64.Build.0 = Ch2Ex1|x64
		{A4432BD4-D71E-418B-AA8F-EA13DA6ABC3C}.Ch2Ex1|x86.ActiveCfg = Ch2Ex1|Win32
		{A4432BD4-D71E-418B-AA8F-EA13DA6ABC3C}.Ch2Ex1|x86.Build.0 = Ch2Ex1|Win32
		{A4432BD4-D71E-418B-AA8F-EA13DA6ABC3C}.Ch2Ex2|x64.ActiveCfg = Ch2Ex1|x64
		{A4432BD4-D71E-418B-AA8F-EA13DA6ABC3C}.Ch2Ex2|x64.Build.0 = Ch2Ex1|x64
		{A4432BD4-D71E-418B-AA8F-EA13DA6ABC3C}.Ch2Ex2|x86.ActiveCfg = Ch2Ex1|Win32
		{A4432BD4-D71E-418B-AA8F-EA13DA6ABC3C}.Ch2Ex2|x86.Build.0 = Ch2Ex1|Win32
		{A4432BD4-D71E-418B-AA8F-EA13DA6ABC3C}.Ch2Ex3|x64.ActiveCfg = Ch2Ex1|x64
		{A4432BD4-D71E-418B-AA8F-EA13DA6ABC3C}.Ch2Ex3|x64.Build.0 = Ch2Ex1|x64
		{A4432BD4-D71E-418B-AA8F-EA13DA6ABC3C}.Ch2Ex3|x86.ActiveCfg = Ch2Ex1|Win32
		{A4432BD4-D71E-418B-AA8F-EA13DA6ABC3C}.Ch2Ex3|x86.Build.0 = Ch2Ex1|Win32
		{A4432BD4-D71E-418B-AA8F-EA13DA6ABC3C}.Debug|x64.ActiveCfg = Debug|x64
		{A4432BD4-D71E-418B-AA8F-EA13DA6ABC3C}.Debug|x64.Build.0 = Debug|x64
		{A4432BD4-D71E-418B-AA8F-EA13DA6ABC3C}.Debug|x86.ActiveCfg = Debug|Win32
		{A4432BD4-D71E-418B-AA8F-EA13DA6ABC3C}.Release|x64.ActiveCfg = Release|x64
		{A4432BD4-D71E-418B-AA8F-EA13DA6ABC3C}.Release|x64.Build.0 = Release|x64
		{A4432BD4-D71E-418B-AA8F-EA13DA6ABC3C}.Release|x86.ActiveCfg = Release|Win32
		{A4432BD4-D71E-418B-AA8F-EA13DA6ABC3C}.Release|x86.Build.0 = Release|Win32
		{7F1B799D-0E78-49E7-8883-4EFC935B11CA}.Ch2Ex1|x64.ActiveCfg = Ch2Ex3|x64
		{7F1B799D-0E78-49E7-8883-4EFC935B11CA}.Ch2Ex1|x64.Build.0 = Ch2Ex3|x64
		{7F1B799D-0E78-49E7-8883-4EFC935B11CA}.Ch2Ex1|x86.ActiveCfg = Release|Win32
		{7F1B799D-0E78-49E7-8883-4EFC935B11CA}.Ch2Ex1|x86.Build.0 = Release|Win32
		{7F1B799D-0E78-49E7-8883-4EFC935B11CA}.Ch2Ex2|x64.ActiveCfg = Ch2Ex3|x64
		{7F1B799D-0E78-49E7-8883-4EFC935B11CA}.Ch2Ex2|x64.Build.0 = Ch2Ex3|x64
		{7F1B799D-0E78-49E7-8883-4EFC935B11CA}.Ch2Ex2|x86.ActiveCfg = Release|Win32
		{7F1B799D-0E78-49E7-8883-4EFC935B11CA}.Ch2Ex2|x86.Build.0 = Release|Win32
		{7F1B799D-0E78-49E7-8883-4EFC935B11CA}.Ch2Ex3|x64.ActiveCfg = Ch2Ex3|x64
		{7F1B799D-0E78-49E7-8883-4EFC935B11CA}.Ch2Ex3|x64.Build.0 = Ch2Ex3|x64
		{7F1B799D-0E78-49E7-8883-4EFC935B11CA}.Ch2Ex3|x86.ActiveCfg = Ch2Ex3|Win32
		{7F1B799D-0E78-49E7-8883-4EFC935B11CA}.Ch2Ex3|x86.Build.0 = Ch2Ex3|Win32
		{7F1B799D-0E78-49E7-8883-4EFC935B11CA}.Debug|x64.ActiveCfg = Debug|x64
		{7F1B799D-0E78-49E7-8883-4EFC935B11CA}.Debug|x64.Build.0 = Debug|x64
		{7F1B799D-0E78-49E7-8883-4EFC935B11CA}.Debug|x86.ActiveCfg = Debug|Win32
		{7F1B799D-0E78-49E7-8883-4EFC935B11CA}.Debug|x86.Build.0 = Debug|Win32
		{7F1B799D-0E78-49E7-8883-4EFC935B11CA}.Release|x64.ActiveCfg = Release|x64
		{7F1B799D-0E78-49E7-8883-4EFC935B11CA}.Release|x64.Build.0 = Release|x64
		{7F1B799D-0E78-49E7-8883-4EFC935B11CA}.Release|x86.ActiveCfg = Release|Win32
		{7F1B799D-0E78-49E7-8883-4EFC935B11CA}.Release|x86.Build.0 = Release|Win32
		{B20F1227-8DA9-4741-98BF-5EF25E261434}.Ch2Ex1|x64.ActiveCfg = Ch2Ex2|x64
		{B20F1227-8DA9-4741-98BF-5EF25E261434}.Ch2Ex1|x64.Build.0 = Ch2Ex2|x64
		{B20F1227-8DA9-4741-98BF-5EF25E261434}.Ch2Ex1|x86.ActiveCfg = Release|Win32
		{B20F1227-8DA9-4741-98BF-5EF25E261434}.Ch2Ex1|x86.Build.0 = Release|Win32
		{B20F1227-8DA9-4741-98BF-5EF25E261434}.Ch2Ex2|x64.ActiveCfg = Ch2Ex2|x64
		{B20F1227-8DA9-4741-98BF-5EF25E261434}.Ch2Ex2|x64.Build.0 = Ch2Ex2|x64
		{B20F1227-8DA9-4741-98BF-5EF25E261434}.Ch2Ex2|x86.ActiveCfg = Ch2Ex2|Win32
		{B20F1227-8DA9-4741-98BF-5EF25E261434}.Ch2Ex2|x86.Build.0 = Ch2Ex2|Win32
		{B20F1227-8DA9-4741-98BF-5EF25E261434}.Ch2Ex3|x64.ActiveCfg = Ch2Ex2|x64
		{B20F1227-8DA9-4741-98BF-5EF25E261434}.Ch2Ex3|x64.Build.0 = Ch2Ex2|x64
		{B20F1227-8DA9-4741-98BF-5EF25E261434}.Ch2Ex3|x86.ActiveCfg = Ch2Ex2|Win32
		{B20F1227-8DA9-4741-98BF-5EF25E261434}.Ch2Ex3|x86.Build.0 = Ch2Ex2|Win32
		{B20F1227-8DA9-4741-98BF-5EF25E261434}.Debug|x64.ActiveCfg = Debug|x64
		{B20F1227-8DA9-4741-98BF-5EF25E261434}.Debug|x64.Build.0 = Debug|x64
		{B20F1227-8DA9-4741-98BF-5EF25E261434}.Debug|x86.ActiveCfg = Debug|Win32
		{B20F1227-8DA9-4741-98BF-5EF25E261434}.Release|x64.ActiveCfg = Release|x64
		{B20F1227-8DA9-4741-98BF-5EF25E261434}.Release|x64.Build.0 = Release|x64
		{B20F1227-8DA9-4741-98BF-5EF25E261434}.Release|x86.ActiveCfg = Release|Win32
		{B20F1227-8DA9-4741-98BF-5EF25E261434}.Release|x86.Build.0 = Release|Win32
	EndGlobalSection
	GlobalSection(SolutionProperties) = preSolution
		HideSolutionNode = FALSE
	EndGlobalSection
EndGlobal
