
Microsoft Visual Studio Solution File, Format Version 12.00
# Visual Studio 15
VisualStudioVersion = 15.0.26403.3
MinimumVisualStudioVersion = 10.0.40219.1
Project("{8BC9CEB8-8B4A-11D0-8D11-00A0C91BC942}") = "Ch2Ex03", "Ch2Ex3\Ch2Ex3.vcxproj", "{7F1B799D-0E78-49E7-8883-4EFC935B11CA}"
EndProject
Project("{8BC9CEB8-8B4A-11D0-8D11-00A0C91BC942}") = "Ch2Ex02", "Ch2Ex2\Ch2Ex2.vcxproj", "{B20F1227-8DA9-4741-98BF-5EF25E261434}"
EndProject
Project("{8BC9CEB8-8B4A-11D0-8D11-00A0C91BC942}") = "Ch2Ex01", "Ch2Ex1\Ch2Ex1.vcxproj", "{52E59149-28F3-4CCF-BFF1-B849B0B40553}"
EndProject
Project("{2150E333-8FDC-42A3-9474-1A3956D46DE8}") = "Ch2", "Ch2", "{C148CF56-035A-4996-9FEF-3D69C1EFA7B1}"
EndProject
Project("{8BC9CEB8-8B4A-11D0-8D11-00A0C91BC942}") = "Ch2Ex04", "Ch2Ex4\Ch2Ex4.vcxproj", "{865F0152-0C2A-4763-B091-BD506D1C707E}"
EndProject
Project("{8BC9CEB8-8B4A-11D0-8D11-00A0C91BC942}") = "Ch2Ex05", "Ch2Ex5\Ch2Ex5.vcxproj", "{674E3F36-5367-4F71-B618-E0C4B7532902}"
EndProject
Project("{8BC9CEB8-8B4A-11D0-8D11-00A0C91BC942}") = "Ch2Ex06", "Ch2Ex6\Ch2Ex6.vcxproj", "{AD194E8B-84D8-4028-8BCF-5CAF91B47060}"
EndProject
Project("{8BC9CEB8-8B4A-11D0-8D11-00A0C91BC942}") = "Ch2Ex07", "Ch2Ex7\Ch2Ex7.vcxproj", "{80BF7620-C59D-4955-9462-6EE77A230FCA}"
EndProject
Project("{8BC9CEB8-8B4A-11D0-8D11-00A0C91BC942}") = "Ch2Ex08", "Ch2Ex8\Ch2Ex8.vcxproj", "{E08F39E1-FF09-4272-8F43-2FAE8A5A795C}"
EndProject
Project("{8BC9CEB8-8B4A-11D0-8D11-00A0C91BC942}") = "Ch2Ex09", "Ch2Ex9\Ch2Ex9.vcxproj", "{52B39283-68E8-4351-985C-D1C77F4768BB}"
EndProject
Project("{8BC9CEB8-8B4A-11D0-8D11-00A0C91BC942}") = "Ch2Ex10", "Ch2Ex10\Ch2Ex10.vcxproj", "{46244DF0-0344-4B5D-B3EF-1AE89FCF9458}"
EndProject
Project("{8BC9CEB8-8B4A-11D0-8D11-00A0C91BC942}") = "Ch2Ex11", "Ch2Ex11\Ch2Ex11.vcxproj", "{5E38A345-F3EC-4372-BC7F-1B33A67E4BFC}"
EndProject
Project("{8BC9CEB8-8B4A-11D0-8D11-00A0C91BC942}") = "Ch2Ex12", "Ch2Ex12\Ch2Ex12.vcxproj", "{C77F1A58-9C84-48AA-B743-7A3A58473AB6}"
EndProject
Project("{8BC9CEB8-8B4A-11D0-8D11-00A0C91BC942}") = "Ch2Ex13", "Ch2Ex13\Ch2Ex13.vcxproj", "{2AD41DD5-4E45-46EC-AEFB-5C60E399DC0A}"
EndProject
Project("{8BC9CEB8-8B4A-11D0-8D11-00A0C91BC942}") = "Ch2Ex14", "Ch2Ex14\Ch2Ex14.vcxproj", "{8AC37836-8E10-4A4C-946D-BBB6BCBAE028}"
EndProject
Project("{8BC9CEB8-8B4A-11D0-8D11-00A0C91BC942}") = "Ch2Ex15", "Ch2Ex15\Ch2Ex15.vcxproj", "{5DB63BB1-207F-43FE-AA19-E89A83DA77F3}"
EndProject
Global
	GlobalSection(SolutionConfigurationPlatforms) = preSolution
		Ch2Ex1|x64 = Ch2Ex1|x64
		Ch2Ex1|x86 = Ch2Ex1|x86
		Ch2Ex2|x64 = Ch2Ex2|x64
		Ch2Ex2|x86 = Ch2Ex2|x86
		Ch2Ex3|x64 = Ch2Ex3|x64
		Ch2Ex3|x86 = Ch2Ex3|x86
		Debug|x64 = Debug|x64
		Debug|x86 = Debug|x86
		Release|x64 = Release|x64
		Release|x86 = Release|x86
	EndGlobalSection
	GlobalSection(ProjectConfigurationPlatforms) = postSolution
		{7F1B799D-0E78-49E7-8883-4EFC935B11CA}.Ch2Ex1|x64.ActiveCfg = Ch2Ex3|x64
		{7F1B799D-0E78-49E7-8883-4EFC935B11CA}.Ch2Ex1|x64.Build.0 = Ch2Ex3|x64
		{7F1B799D-0E78-49E7-8883-4EFC935B11CA}.Ch2Ex1|x86.ActiveCfg = Debug|Win32
		{7F1B799D-0E78-49E7-8883-4EFC935B11CA}.Ch2Ex1|x86.Build.0 = Debug|Win32
		{7F1B799D-0E78-49E7-8883-4EFC935B11CA}.Ch2Ex2|x64.ActiveCfg = Ch2Ex3|x64
		{7F1B799D-0E78-49E7-8883-4EFC935B11CA}.Ch2Ex2|x64.Build.0 = Ch2Ex3|x64
		{7F1B799D-0E78-49E7-8883-4EFC935B11CA}.Ch2Ex2|x86.ActiveCfg = Release|Win32
		{7F1B799D-0E78-49E7-8883-4EFC935B11CA}.Ch2Ex2|x86.Build.0 = Release|Win32
		{7F1B799D-0E78-49E7-8883-4EFC935B11CA}.Ch2Ex3|x64.ActiveCfg = Ch2Ex3|x64
		{7F1B799D-0E78-49E7-8883-4EFC935B11CA}.Ch2Ex3|x64.Build.0 = Ch2Ex3|x64
		{7F1B799D-0E78-49E7-8883-4EFC935B11CA}.Ch2Ex3|x86.ActiveCfg = Ch2Ex3|Win32
		{7F1B799D-0E78-49E7-8883-4EFC935B11CA}.Ch2Ex3|x86.Build.0 = Ch2Ex3|Win32
		{7F1B799D-0E78-49E7-8883-4EFC935B11CA}.Debug|x64.ActiveCfg = Debug|x64
		{7F1B799D-0E78-49E7-8883-4EFC935B11CA}.Debug|x64.Build.0 = Debug|x64
		{7F1B799D-0E78-49E7-8883-4EFC935B11CA}.Debug|x86.ActiveCfg = Debug|Win32
		{7F1B799D-0E78-49E7-8883-4EFC935B11CA}.Debug|x86.Build.0 = Debug|Win32
		{7F1B799D-0E78-49E7-8883-4EFC935B11CA}.Release|x64.ActiveCfg = Release|x64
		{7F1B799D-0E78-49E7-8883-4EFC935B11CA}.Release|x64.Build.0 = Release|x64
		{7F1B799D-0E78-49E7-8883-4EFC935B11CA}.Release|x86.ActiveCfg = Release|Win32
		{7F1B799D-0E78-49E7-8883-4EFC935B11CA}.Release|x86.Build.0 = Release|Win32
		{B20F1227-8DA9-4741-98BF-5EF25E261434}.Ch2Ex1|x64.ActiveCfg = Ch2Ex2|x64
		{B20F1227-8DA9-4741-98BF-5EF25E261434}.Ch2Ex1|x64.Build.0 = Ch2Ex2|x64
		{B20F1227-8DA9-4741-98BF-5EF25E261434}.Ch2Ex1|x86.ActiveCfg = Debug|Win32
		{B20F1227-8DA9-4741-98BF-5EF25E261434}.Ch2Ex1|x86.Build.0 = Debug|Win32
		{B20F1227-8DA9-4741-98BF-5EF25E261434}.Ch2Ex2|x64.ActiveCfg = Ch2Ex2|x64
		{B20F1227-8DA9-4741-98BF-5EF25E261434}.Ch2Ex2|x64.Build.0 = Ch2Ex2|x64
		{B20F1227-8DA9-4741-98BF-5EF25E261434}.Ch2Ex2|x86.ActiveCfg = Ch2Ex2|Win32
		{B20F1227-8DA9-4741-98BF-5EF25E261434}.Ch2Ex2|x86.Build.0 = Ch2Ex2|Win32
		{B20F1227-8DA9-4741-98BF-5EF25E261434}.Ch2Ex3|x64.ActiveCfg = Ch2Ex2|x64
		{B20F1227-8DA9-4741-98BF-5EF25E261434}.Ch2Ex3|x64.Build.0 = Ch2Ex2|x64
		{B20F1227-8DA9-4741-98BF-5EF25E261434}.Ch2Ex3|x86.ActiveCfg = Ch2Ex2|Win32
		{B20F1227-8DA9-4741-98BF-5EF25E261434}.Ch2Ex3|x86.Build.0 = Ch2Ex2|Win32
		{B20F1227-8DA9-4741-98BF-5EF25E261434}.Debug|x64.ActiveCfg = Debug|x64
		{B20F1227-8DA9-4741-98BF-5EF25E261434}.Debug|x64.Build.0 = Debug|x64
		{B20F1227-8DA9-4741-98BF-5EF25E261434}.Debug|x86.ActiveCfg = Debug|Win32
		{B20F1227-8DA9-4741-98BF-5EF25E261434}.Release|x64.ActiveCfg = Release|x64
		{B20F1227-8DA9-4741-98BF-5EF25E261434}.Release|x64.Build.0 = Release|x64
		{B20F1227-8DA9-4741-98BF-5EF25E261434}.Release|x86.ActiveCfg = Release|Win32
		{B20F1227-8DA9-4741-98BF-5EF25E261434}.Release|x86.Build.0 = Release|Win32
		{52E59149-28F3-4CCF-BFF1-B849B0B40553}.Ch2Ex1|x64.ActiveCfg = Release|x64
		{52E59149-28F3-4CCF-BFF1-B849B0B40553}.Ch2Ex1|x64.Build.0 = Release|x64
		{52E59149-28F3-4CCF-BFF1-B849B0B40553}.Ch2Ex1|x86.ActiveCfg = Debug|Win32
		{52E59149-28F3-4CCF-BFF1-B849B0B40553}.Ch2Ex1|x86.Build.0 = Debug|Win32
		{52E59149-28F3-4CCF-BFF1-B849B0B40553}.Ch2Ex2|x64.ActiveCfg = Release|x64
		{52E59149-28F3-4CCF-BFF1-B849B0B40553}.Ch2Ex2|x64.Build.0 = Release|x64
		{52E59149-28F3-4CCF-BFF1-B849B0B40553}.Ch2Ex2|x86.ActiveCfg = Release|Win32
		{52E59149-28F3-4CCF-BFF1-B849B0B40553}.Ch2Ex2|x86.Build.0 = Release|Win32
		{52E59149-28F3-4CCF-BFF1-B849B0B40553}.Ch2Ex3|x64.ActiveCfg = Release|x64
		{52E59149-28F3-4CCF-BFF1-B849B0B40553}.Ch2Ex3|x64.Build.0 = Release|x64
		{52E59149-28F3-4CCF-BFF1-B849B0B40553}.Ch2Ex3|x86.ActiveCfg = Release|Win32
		{52E59149-28F3-4CCF-BFF1-B849B0B40553}.Ch2Ex3|x86.Build.0 = Release|Win32
		{52E59149-28F3-4CCF-BFF1-B849B0B40553}.Debug|x64.ActiveCfg = Debug|x64
		{52E59149-28F3-4CCF-BFF1-B849B0B40553}.Debug|x64.Build.0 = Debug|x64
		{52E59149-28F3-4CCF-BFF1-B849B0B40553}.Debug|x86.ActiveCfg = Debug|Win32
		{52E59149-28F3-4CCF-BFF1-B849B0B40553}.Debug|x86.Build.0 = Debug|Win32
		{52E59149-28F3-4CCF-BFF1-B849B0B40553}.Release|x64.ActiveCfg = Release|x64
		{52E59149-28F3-4CCF-BFF1-B849B0B40553}.Release|x64.Build.0 = Release|x64
		{52E59149-28F3-4CCF-BFF1-B849B0B40553}.Release|x86.ActiveCfg = Release|Win32
		{52E59149-28F3-4CCF-BFF1-B849B0B40553}.Release|x86.Build.0 = Release|Win32
		{865F0152-0C2A-4763-B091-BD506D1C707E}.Ch2Ex1|x64.ActiveCfg = Release|x64
		{865F0152-0C2A-4763-B091-BD506D1C707E}.Ch2Ex1|x64.Build.0 = Release|x64
		{865F0152-0C2A-4763-B091-BD506D1C707E}.Ch2Ex1|x86.ActiveCfg = Debug|Win32
		{865F0152-0C2A-4763-B091-BD506D1C707E}.Ch2Ex1|x86.Build.0 = Debug|Win32
		{865F0152-0C2A-4763-B091-BD506D1C707E}.Ch2Ex2|x64.ActiveCfg = Release|x64
		{865F0152-0C2A-4763-B091-BD506D1C707E}.Ch2Ex2|x64.Build.0 = Release|x64
		{865F0152-0C2A-4763-B091-BD506D1C707E}.Ch2Ex2|x86.ActiveCfg = Release|Win32
		{865F0152-0C2A-4763-B091-BD506D1C707E}.Ch2Ex2|x86.Build.0 = Release|Win32
		{865F0152-0C2A-4763-B091-BD506D1C707E}.Ch2Ex3|x64.ActiveCfg = Release|x64
		{865F0152-0C2A-4763-B091-BD506D1C707E}.Ch2Ex3|x64.Build.0 = Release|x64
		{865F0152-0C2A-4763-B091-BD506D1C707E}.Ch2Ex3|x86.ActiveCfg = Release|Win32
		{865F0152-0C2A-4763-B091-BD506D1C707E}.Ch2Ex3|x86.Build.0 = Release|Win32
		{865F0152-0C2A-4763-B091-BD506D1C707E}.Debug|x64.ActiveCfg = Debug|x64
		{865F0152-0C2A-4763-B091-BD506D1C707E}.Debug|x64.Build.0 = Debug|x64
		{865F0152-0C2A-4763-B091-BD506D1C707E}.Debug|x86.ActiveCfg = Debug|Win32
		{865F0152-0C2A-4763-B091-BD506D1C707E}.Debug|x86.Build.0 = Debug|Win32
		{865F0152-0C2A-4763-B091-BD506D1C707E}.Release|x64.ActiveCfg = Release|x64
		{865F0152-0C2A-4763-B091-BD506D1C707E}.Release|x64.Build.0 = Release|x64
		{865F0152-0C2A-4763-B091-BD506D1C707E}.Release|x86.ActiveCfg = Release|Win32
		{865F0152-0C2A-4763-B091-BD506D1C707E}.Release|x86.Build.0 = Release|Win32
		{674E3F36-5367-4F71-B618-E0C4B7532902}.Ch2Ex1|x64.ActiveCfg = Release|x64
		{674E3F36-5367-4F71-B618-E0C4B7532902}.Ch2Ex1|x64.Build.0 = Release|x64
		{674E3F36-5367-4F71-B618-E0C4B7532902}.Ch2Ex1|x86.ActiveCfg = Release|Win32
		{674E3F36-5367-4F71-B618-E0C4B7532902}.Ch2Ex1|x86.Build.0 = Release|Win32
		{674E3F36-5367-4F71-B618-E0C4B7532902}.Ch2Ex2|x64.ActiveCfg = Release|x64
		{674E3F36-5367-4F71-B618-E0C4B7532902}.Ch2Ex2|x64.Build.0 = Release|x64
		{674E3F36-5367-4F71-B618-E0C4B7532902}.Ch2Ex2|x86.ActiveCfg = Release|Win32
		{674E3F36-5367-4F71-B618-E0C4B7532902}.Ch2Ex2|x86.Build.0 = Release|Win32
		{674E3F36-5367-4F71-B618-E0C4B7532902}.Ch2Ex3|x64.ActiveCfg = Release|x64
		{674E3F36-5367-4F71-B618-E0C4B7532902}.Ch2Ex3|x64.Build.0 = Release|x64
		{674E3F36-5367-4F71-B618-E0C4B7532902}.Ch2Ex3|x86.ActiveCfg = Release|Win32
		{674E3F36-5367-4F71-B618-E0C4B7532902}.Ch2Ex3|x86.Build.0 = Release|Win32
		{674E3F36-5367-4F71-B618-E0C4B7532902}.Debug|x64.ActiveCfg = Debug|x64
		{674E3F36-5367-4F71-B618-E0C4B7532902}.Debug|x64.Build.0 = Debug|x64
		{674E3F36-5367-4F71-B618-E0C4B7532902}.Debug|x86.ActiveCfg = Debug|Win32
		{674E3F36-5367-4F71-B618-E0C4B7532902}.Debug|x86.Build.0 = Debug|Win32
		{674E3F36-5367-4F71-B618-E0C4B7532902}.Release|x64.ActiveCfg = Release|x64
		{674E3F36-5367-4F71-B618-E0C4B7532902}.Release|x64.Build.0 = Release|x64
		{674E3F36-5367-4F71-B618-E0C4B7532902}.Release|x86.ActiveCfg = Release|Win32
		{674E3F36-5367-4F71-B618-E0C4B7532902}.Release|x86.Build.0 = Release|Win32
		{AD194E8B-84D8-4028-8BCF-5CAF91B47060}.Ch2Ex1|x64.ActiveCfg = Release|x64
		{AD194E8B-84D8-4028-8BCF-5CAF91B47060}.Ch2Ex1|x64.Build.0 = Release|x64
		{AD194E8B-84D8-4028-8BCF-5CAF91B47060}.Ch2Ex1|x86.ActiveCfg = Release|Win32
		{AD194E8B-84D8-4028-8BCF-5CAF91B47060}.Ch2Ex1|x86.Build.0 = Release|Win32
		{AD194E8B-84D8-4028-8BCF-5CAF91B47060}.Ch2Ex2|x64.ActiveCfg = Release|x64
		{AD194E8B-84D8-4028-8BCF-5CAF91B47060}.Ch2Ex2|x64.Build.0 = Release|x64
		{AD194E8B-84D8-4028-8BCF-5CAF91B47060}.Ch2Ex2|x86.ActiveCfg = Release|Win32
		{AD194E8B-84D8-4028-8BCF-5CAF91B47060}.Ch2Ex2|x86.Build.0 = Release|Win32
		{AD194E8B-84D8-4028-8BCF-5CAF91B47060}.Ch2Ex3|x64.ActiveCfg = Release|x64
		{AD194E8B-84D8-4028-8BCF-5CAF91B47060}.Ch2Ex3|x64.Build.0 = Release|x64
		{AD194E8B-84D8-4028-8BCF-5CAF91B47060}.Ch2Ex3|x86.ActiveCfg = Release|Win32
		{AD194E8B-84D8-4028-8BCF-5CAF91B47060}.Ch2Ex3|x86.Build.0 = Release|Win32
		{AD194E8B-84D8-4028-8BCF-5CAF91B47060}.Debug|x64.ActiveCfg = Debug|x64
		{AD194E8B-84D8-4028-8BCF-5CAF91B47060}.Debug|x64.Build.0 = Debug|x64
		{AD194E8B-84D8-4028-8BCF-5CAF91B47060}.Debug|x86.ActiveCfg = Debug|Win32
		{AD194E8B-84D8-4028-8BCF-5CAF91B47060}.Debug|x86.Build.0 = Debug|Win32
		{AD194E8B-84D8-4028-8BCF-5CAF91B47060}.Release|x64.ActiveCfg = Release|x64
		{AD194E8B-84D8-4028-8BCF-5CAF91B47060}.Release|x64.Build.0 = Release|x64
		{AD194E8B-84D8-4028-8BCF-5CAF91B47060}.Release|x86.ActiveCfg = Release|Win32
		{AD194E8B-84D8-4028-8BCF-5CAF91B47060}.Release|x86.Build.0 = Release|Win32
		{80BF7620-C59D-4955-9462-6EE77A230FCA}.Ch2Ex1|x64.ActiveCfg = Release|x64
		{80BF7620-C59D-4955-9462-6EE77A230FCA}.Ch2Ex1|x64.Build.0 = Release|x64
		{80BF7620-C59D-4955-9462-6EE77A230FCA}.Ch2Ex1|x86.ActiveCfg = Release|Win32
		{80BF7620-C59D-4955-9462-6EE77A230FCA}.Ch2Ex1|x86.Build.0 = Release|Win32
		{80BF7620-C59D-4955-9462-6EE77A230FCA}.Ch2Ex2|x64.ActiveCfg = Release|x64
		{80BF7620-C59D-4955-9462-6EE77A230FCA}.Ch2Ex2|x64.Build.0 = Release|x64
		{80BF7620-C59D-4955-9462-6EE77A230FCA}.Ch2Ex2|x86.ActiveCfg = Release|Win32
		{80BF7620-C59D-4955-9462-6EE77A230FCA}.Ch2Ex2|x86.Build.0 = Release|Win32
		{80BF7620-C59D-4955-9462-6EE77A230FCA}.Ch2Ex3|x64.ActiveCfg = Release|x64
		{80BF7620-C59D-4955-9462-6EE77A230FCA}.Ch2Ex3|x64.Build.0 = Release|x64
		{80BF7620-C59D-4955-9462-6EE77A230FCA}.Ch2Ex3|x86.ActiveCfg = Release|Win32
		{80BF7620-C59D-4955-9462-6EE77A230FCA}.Ch2Ex3|x86.Build.0 = Release|Win32
		{80BF7620-C59D-4955-9462-6EE77A230FCA}.Debug|x64.ActiveCfg = Debug|x64
		{80BF7620-C59D-4955-9462-6EE77A230FCA}.Debug|x64.Build.0 = Debug|x64
		{80BF7620-C59D-4955-9462-6EE77A230FCA}.Debug|x86.ActiveCfg = Debug|Win32
		{80BF7620-C59D-4955-9462-6EE77A230FCA}.Debug|x86.Build.0 = Debug|Win32
		{80BF7620-C59D-4955-9462-6EE77A230FCA}.Release|x64.ActiveCfg = Release|x64
		{80BF7620-C59D-4955-9462-6EE77A230FCA}.Release|x64.Build.0 = Release|x64
		{80BF7620-C59D-4955-9462-6EE77A230FCA}.Release|x86.ActiveCfg = Release|Win32
		{80BF7620-C59D-4955-9462-6EE77A230FCA}.Release|x86.Build.0 = Release|Win32
		{E08F39E1-FF09-4272-8F43-2FAE8A5A795C}.Ch2Ex1|x64.ActiveCfg = Release|x64
		{E08F39E1-FF09-4272-8F43-2FAE8A5A795C}.Ch2Ex1|x64.Build.0 = Release|x64
		{E08F39E1-FF09-4272-8F43-2FAE8A5A795C}.Ch2Ex1|x86.ActiveCfg = Release|Win32
		{E08F39E1-FF09-4272-8F43-2FAE8A5A795C}.Ch2Ex1|x86.Build.0 = Release|Win32
		{E08F39E1-FF09-4272-8F43-2FAE8A5A795C}.Ch2Ex2|x64.ActiveCfg = Release|x64
		{E08F39E1-FF09-4272-8F43-2FAE8A5A795C}.Ch2Ex2|x64.Build.0 = Release|x64
		{E08F39E1-FF09-4272-8F43-2FAE8A5A795C}.Ch2Ex2|x86.ActiveCfg = Release|Win32
		{E08F39E1-FF09-4272-8F43-2FAE8A5A795C}.Ch2Ex2|x86.Build.0 = Release|Win32
		{E08F39E1-FF09-4272-8F43-2FAE8A5A795C}.Ch2Ex3|x64.ActiveCfg = Release|x64
		{E08F39E1-FF09-4272-8F43-2FAE8A5A795C}.Ch2Ex3|x64.Build.0 = Release|x64
		{E08F39E1-FF09-4272-8F43-2FAE8A5A795C}.Ch2Ex3|x86.ActiveCfg = Release|Win32
		{E08F39E1-FF09-4272-8F43-2FAE8A5A795C}.Ch2Ex3|x86.Build.0 = Release|Win32
		{E08F39E1-FF09-4272-8F43-2FAE8A5A795C}.Debug|x64.ActiveCfg = Debug|x64
		{E08F39E1-FF09-4272-8F43-2FAE8A5A795C}.Debug|x64.Build.0 = Debug|x64
		{E08F39E1-FF09-4272-8F43-2FAE8A5A795C}.Debug|x86.ActiveCfg = Debug|Win32
		{E08F39E1-FF09-4272-8F43-2FAE8A5A795C}.Debug|x86.Build.0 = Debug|Win32
		{E08F39E1-FF09-4272-8F43-2FAE8A5A795C}.Release|x64.ActiveCfg = Release|x64
		{E08F39E1-FF09-4272-8F43-2FAE8A5A795C}.Release|x64.Build.0 = Release|x64
		{E08F39E1-FF09-4272-8F43-2FAE8A5A795C}.Release|x86.ActiveCfg = Release|Win32
		{E08F39E1-FF09-4272-8F43-2FAE8A5A795C}.Release|x86.Build.0 = Release|Win32
		{52B39283-68E8-4351-985C-D1C77F4768BB}.Ch2Ex1|x64.ActiveCfg = Release|x64
		{52B39283-68E8-4351-985C-D1C77F4768BB}.Ch2Ex1|x64.Build.0 = Release|x64
		{52B39283-68E8-4351-985C-D1C77F4768BB}.Ch2Ex1|x86.ActiveCfg = Release|Win32
		{52B39283-68E8-4351-985C-D1C77F4768BB}.Ch2Ex1|x86.Build.0 = Release|Win32
		{52B39283-68E8-4351-985C-D1C77F4768BB}.Ch2Ex2|x64.ActiveCfg = Release|x64
		{52B39283-68E8-4351-985C-D1C77F4768BB}.Ch2Ex2|x64.Build.0 = Release|x64
		{52B39283-68E8-4351-985C-D1C77F4768BB}.Ch2Ex2|x86.ActiveCfg = Release|Win32
		{52B39283-68E8-4351-985C-D1C77F4768BB}.Ch2Ex2|x86.Build.0 = Release|Win32
		{52B39283-68E8-4351-985C-D1C77F4768BB}.Ch2Ex3|x64.ActiveCfg = Release|x64
		{52B39283-68E8-4351-985C-D1C77F4768BB}.Ch2Ex3|x64.Build.0 = Release|x64
		{52B39283-68E8-4351-985C-D1C77F4768BB}.Ch2Ex3|x86.ActiveCfg = Release|Win32
		{52B39283-68E8-4351-985C-D1C77F4768BB}.Ch2Ex3|x86.Build.0 = Release|Win32
		{52B39283-68E8-4351-985C-D1C77F4768BB}.Debug|x64.ActiveCfg = Debug|x64
		{52B39283-68E8-4351-985C-D1C77F4768BB}.Debug|x64.Build.0 = Debug|x64
		{52B39283-68E8-4351-985C-D1C77F4768BB}.Debug|x86.ActiveCfg = Debug|Win32
		{52B39283-68E8-4351-985C-D1C77F4768BB}.Debug|x86.Build.0 = Debug|Win32
		{52B39283-68E8-4351-985C-D1C77F4768BB}.Release|x64.ActiveCfg = Release|x64
		{52B39283-68E8-4351-985C-D1C77F4768BB}.Release|x64.Build.0 = Release|x64
		{52B39283-68E8-4351-985C-D1C77F4768BB}.Release|x86.ActiveCfg = Release|Win32
		{52B39283-68E8-4351-985C-D1C77F4768BB}.Release|x86.Build.0 = Release|Win32
		{46244DF0-0344-4B5D-B3EF-1AE89FCF9458}.Ch2Ex1|x64.ActiveCfg = Release|x64
		{46244DF0-0344-4B5D-B3EF-1AE89FCF9458}.Ch2Ex1|x64.Build.0 = Release|x64
		{46244DF0-0344-4B5D-B3EF-1AE89FCF9458}.Ch2Ex1|x86.ActiveCfg = Release|Win32
		{46244DF0-0344-4B5D-B3EF-1AE89FCF9458}.Ch2Ex1|x86.Build.0 = Release|Win32
		{46244DF0-0344-4B5D-B3EF-1AE89FCF9458}.Ch2Ex2|x64.ActiveCfg = Release|x64
		{46244DF0-0344-4B5D-B3EF-1AE89FCF9458}.Ch2Ex2|x64.Build.0 = Release|x64
		{46244DF0-0344-4B5D-B3EF-1AE89FCF9458}.Ch2Ex2|x86.ActiveCfg = Release|Win32
		{46244DF0-0344-4B5D-B3EF-1AE89FCF9458}.Ch2Ex2|x86.Build.0 = Release|Win32
		{46244DF0-0344-4B5D-B3EF-1AE89FCF9458}.Ch2Ex3|x64.ActiveCfg = Release|x64
		{46244DF0-0344-4B5D-B3EF-1AE89FCF9458}.Ch2Ex3|x64.Build.0 = Release|x64
		{46244DF0-0344-4B5D-B3EF-1AE89FCF9458}.Ch2Ex3|x86.ActiveCfg = Release|Win32
		{46244DF0-0344-4B5D-B3EF-1AE89FCF9458}.Ch2Ex3|x86.Build.0 = Release|Win32
		{46244DF0-0344-4B5D-B3EF-1AE89FCF9458}.Debug|x64.ActiveCfg = Debug|x64
		{46244DF0-0344-4B5D-B3EF-1AE89FCF9458}.Debug|x64.Build.0 = Debug|x64
		{46244DF0-0344-4B5D-B3EF-1AE89FCF9458}.Debug|x86.ActiveCfg = Debug|Win32
		{46244DF0-0344-4B5D-B3EF-1AE89FCF9458}.Debug|x86.Build.0 = Debug|Win32
		{46244DF0-0344-4B5D-B3EF-1AE89FCF9458}.Release|x64.ActiveCfg = Release|x64
		{46244DF0-0344-4B5D-B3EF-1AE89FCF9458}.Release|x64.Build.0 = Release|x64
		{46244DF0-0344-4B5D-B3EF-1AE89FCF9458}.Release|x86.ActiveCfg = Release|Win32
		{46244DF0-0344-4B5D-B3EF-1AE89FCF9458}.Release|x86.Build.0 = Release|Win32
		{5E38A345-F3EC-4372-BC7F-1B33A67E4BFC}.Ch2Ex1|x64.ActiveCfg = Release|x64
		{5E38A345-F3EC-4372-BC7F-1B33A67E4BFC}.Ch2Ex1|x64.Build.0 = Release|x64
		{5E38A345-F3EC-4372-BC7F-1B33A67E4BFC}.Ch2Ex1|x86.ActiveCfg = Release|Win32
		{5E38A345-F3EC-4372-BC7F-1B33A67E4BFC}.Ch2Ex1|x86.Build.0 = Release|Win32
		{5E38A345-F3EC-4372-BC7F-1B33A67E4BFC}.Ch2Ex2|x64.ActiveCfg = Release|x64
		{5E38A345-F3EC-4372-BC7F-1B33A67E4BFC}.Ch2Ex2|x64.Build.0 = Release|x64
		{5E38A345-F3EC-4372-BC7F-1B33A67E4BFC}.Ch2Ex2|x86.ActiveCfg = Release|Win32
		{5E38A345-F3EC-4372-BC7F-1B33A67E4BFC}.Ch2Ex2|x86.Build.0 = Release|Win32
		{5E38A345-F3EC-4372-BC7F-1B33A67E4BFC}.Ch2Ex3|x64.ActiveCfg = Release|x64
		{5E38A345-F3EC-4372-BC7F-1B33A67E4BFC}.Ch2Ex3|x64.Build.0 = Release|x64
		{5E38A345-F3EC-4372-BC7F-1B33A67E4BFC}.Ch2Ex3|x86.ActiveCfg = Release|Win32
		{5E38A345-F3EC-4372-BC7F-1B33A67E4BFC}.Ch2Ex3|x86.Build.0 = Release|Win32
		{5E38A345-F3EC-4372-BC7F-1B33A67E4BFC}.Debug|x64.ActiveCfg = Debug|x64
		{5E38A345-F3EC-4372-BC7F-1B33A67E4BFC}.Debug|x64.Build.0 = Debug|x64
		{5E38A345-F3EC-4372-BC7F-1B33A67E4BFC}.Debug|x86.ActiveCfg = Debug|Win32
		{5E38A345-F3EC-4372-BC7F-1B33A67E4BFC}.Debug|x86.Build.0 = Debug|Win32
		{5E38A345-F3EC-4372-BC7F-1B33A67E4BFC}.Release|x64.ActiveCfg = Release|x64
		{5E38A345-F3EC-4372-BC7F-1B33A67E4BFC}.Release|x64.Build.0 = Release|x64
		{5E38A345-F3EC-4372-BC7F-1B33A67E4BFC}.Release|x86.ActiveCfg = Release|Win32
		{5E38A345-F3EC-4372-BC7F-1B33A67E4BFC}.Release|x86.Build.0 = Release|Win32
		{C77F1A58-9C84-48AA-B743-7A3A58473AB6}.Ch2Ex1|x64.ActiveCfg = Release|x64
		{C77F1A58-9C84-48AA-B743-7A3A58473AB6}.Ch2Ex1|x64.Build.0 = Release|x64
		{C77F1A58-9C84-48AA-B743-7A3A58473AB6}.Ch2Ex1|x86.ActiveCfg = Release|Win32
		{C77F1A58-9C84-48AA-B743-7A3A58473AB6}.Ch2Ex1|x86.Build.0 = Release|Win32
		{C77F1A58-9C84-48AA-B743-7A3A58473AB6}.Ch2Ex2|x64.ActiveCfg = Release|x64
		{C77F1A58-9C84-48AA-B743-7A3A58473AB6}.Ch2Ex2|x64.Build.0 = Release|x64
		{C77F1A58-9C84-48AA-B743-7A3A58473AB6}.Ch2Ex2|x86.ActiveCfg = Release|Win32
		{C77F1A58-9C84-48AA-B743-7A3A58473AB6}.Ch2Ex2|x86.Build.0 = Release|Win32
		{C77F1A58-9C84-48AA-B743-7A3A58473AB6}.Ch2Ex3|x64.ActiveCfg = Release|x64
		{C77F1A58-9C84-48AA-B743-7A3A58473AB6}.Ch2Ex3|x64.Build.0 = Release|x64
		{C77F1A58-9C84-48AA-B743-7A3A58473AB6}.Ch2Ex3|x86.ActiveCfg = Release|Win32
		{C77F1A58-9C84-48AA-B743-7A3A58473AB6}.Ch2Ex3|x86.Build.0 = Release|Win32
		{C77F1A58-9C84-48AA-B743-7A3A58473AB6}.Debug|x64.ActiveCfg = Debug|x64
		{C77F1A58-9C84-48AA-B743-7A3A58473AB6}.Debug|x64.Build.0 = Debug|x64
		{C77F1A58-9C84-48AA-B743-7A3A58473AB6}.Debug|x86.ActiveCfg = Debug|Win32
		{C77F1A58-9C84-48AA-B743-7A3A58473AB6}.Debug|x86.Build.0 = Debug|Win32
		{C77F1A58-9C84-48AA-B743-7A3A58473AB6}.Release|x64.ActiveCfg = Release|x64
		{C77F1A58-9C84-48AA-B743-7A3A58473AB6}.Release|x64.Build.0 = Release|x64
		{C77F1A58-9C84-48AA-B743-7A3A58473AB6}.Release|x86.ActiveCfg = Release|Win32
		{C77F1A58-9C84-48AA-B743-7A3A58473AB6}.Release|x86.Build.0 = Release|Win32
		{2AD41DD5-4E45-46EC-AEFB-5C60E399DC0A}.Ch2Ex1|x64.ActiveCfg = Release|x64
		{2AD41DD5-4E45-46EC-AEFB-5C60E399DC0A}.Ch2Ex1|x64.Build.0 = Release|x64
		{2AD41DD5-4E45-46EC-AEFB-5C60E399DC0A}.Ch2Ex1|x86.ActiveCfg = Release|Win32
		{2AD41DD5-4E45-46EC-AEFB-5C60E399DC0A}.Ch2Ex1|x86.Build.0 = Release|Win32
		{2AD41DD5-4E45-46EC-AEFB-5C60E399DC0A}.Ch2Ex2|x64.ActiveCfg = Release|x64
		{2AD41DD5-4E45-46EC-AEFB-5C60E399DC0A}.Ch2Ex2|x64.Build.0 = Release|x64
		{2AD41DD5-4E45-46EC-AEFB-5C60E399DC0A}.Ch2Ex2|x86.ActiveCfg = Release|Win32
		{2AD41DD5-4E45-46EC-AEFB-5C60E399DC0A}.Ch2Ex2|x86.Build.0 = Release|Win32
		{2AD41DD5-4E45-46EC-AEFB-5C60E399DC0A}.Ch2Ex3|x64.ActiveCfg = Release|x64
		{2AD41DD5-4E45-46EC-AEFB-5C60E399DC0A}.Ch2Ex3|x64.Build.0 = Release|x64
		{2AD41DD5-4E45-46EC-AEFB-5C60E399DC0A}.Ch2Ex3|x86.ActiveCfg = Release|Win32
		{2AD41DD5-4E45-46EC-AEFB-5C60E399DC0A}.Ch2Ex3|x86.Build.0 = Release|Win32
		{2AD41DD5-4E45-46EC-AEFB-5C60E399DC0A}.Debug|x64.ActiveCfg = Debug|x64
		{2AD41DD5-4E45-46EC-AEFB-5C60E399DC0A}.Debug|x64.Build.0 = Debug|x64
		{2AD41DD5-4E45-46EC-AEFB-5C60E399DC0A}.Debug|x86.ActiveCfg = Debug|Win32
		{2AD41DD5-4E45-46EC-AEFB-5C60E399DC0A}.Debug|x86.Build.0 = Debug|Win32
		{2AD41DD5-4E45-46EC-AEFB-5C60E399DC0A}.Release|x64.ActiveCfg = Release|x64
		{2AD41DD5-4E45-46EC-AEFB-5C60E399DC0A}.Release|x64.Build.0 = Release|x64
		{2AD41DD5-4E45-46EC-AEFB-5C60E399DC0A}.Release|x86.ActiveCfg = Release|Win32
		{2AD41DD5-4E45-46EC-AEFB-5C60E399DC0A}.Release|x86.Build.0 = Release|Win32
		{8AC37836-8E10-4A4C-946D-BBB6BCBAE028}.Ch2Ex1|x64.ActiveCfg = Release|x64
		{8AC37836-8E10-4A4C-946D-BBB6BCBAE028}.Ch2Ex1|x64.Build.0 = Release|x64
		{8AC37836-8E10-4A4C-946D-BBB6BCBAE028}.Ch2Ex1|x86.ActiveCfg = Release|Win32
		{8AC37836-8E10-4A4C-946D-BBB6BCBAE028}.Ch2Ex1|x86.Build.0 = Release|Win32
		{8AC37836-8E10-4A4C-946D-BBB6BCBAE028}.Ch2Ex2|x64.ActiveCfg = Release|x64
		{8AC37836-8E10-4A4C-946D-BBB6BCBAE028}.Ch2Ex2|x64.Build.0 = Release|x64
		{8AC37836-8E10-4A4C-946D-BBB6BCBAE028}.Ch2Ex2|x86.ActiveCfg = Release|Win32
		{8AC37836-8E10-4A4C-946D-BBB6BCBAE028}.Ch2Ex2|x86.Build.0 = Release|Win32
		{8AC37836-8E10-4A4C-946D-BBB6BCBAE028}.Ch2Ex3|x64.ActiveCfg = Release|x64
		{8AC37836-8E10-4A4C-946D-BBB6BCBAE028}.Ch2Ex3|x64.Build.0 = Release|x64
		{8AC37836-8E10-4A4C-946D-BBB6BCBAE028}.Ch2Ex3|x86.ActiveCfg = Release|Win32
		{8AC37836-8E10-4A4C-946D-BBB6BCBAE028}.Ch2Ex3|x86.Build.0 = Release|Win32
		{8AC37836-8E10-4A4C-946D-BBB6BCBAE028}.Debug|x64.ActiveCfg = Debug|x64
		{8AC37836-8E10-4A4C-946D-BBB6BCBAE028}.Debug|x64.Build.0 = Debug|x64
		{8AC37836-8E10-4A4C-946D-BBB6BCBAE028}.Debug|x86.ActiveCfg = Debug|Win32
		{8AC37836-8E10-4A4C-946D-BBB6BCBAE028}.Debug|x86.Build.0 = Debug|Win32
		{8AC37836-8E10-4A4C-946D-BBB6BCBAE028}.Release|x64.ActiveCfg = Release|x64
		{8AC37836-8E10-4A4C-946D-BBB6BCBAE028}.Release|x64.Build.0 = Release|x64
		{8AC37836-8E10-4A4C-946D-BBB6BCBAE028}.Release|x86.ActiveCfg = Release|Win32
		{8AC37836-8E10-4A4C-946D-BBB6BCBAE028}.Release|x86.Build.0 = Release|Win32
		{5DB63BB1-207F-43FE-AA19-E89A83DA77F3}.Ch2Ex1|x64.ActiveCfg = Release|x64
		{5DB63BB1-207F-43FE-AA19-E89A83DA77F3}.Ch2Ex1|x64.Build.0 = Release|x64
		{5DB63BB1-207F-43FE-AA19-E89A83DA77F3}.Ch2Ex1|x86.ActiveCfg = Release|Win32
		{5DB63BB1-207F-43FE-AA19-E89A83DA77F3}.Ch2Ex1|x86.Build.0 = Release|Win32
		{5DB63BB1-207F-43FE-AA19-E89A83DA77F3}.Ch2Ex2|x64.ActiveCfg = Release|x64
		{5DB63BB1-207F-43FE-AA19-E89A83DA77F3}.Ch2Ex2|x64.Build.0 = Release|x64
		{5DB63BB1-207F-43FE-AA19-E89A83DA77F3}.Ch2Ex2|x86.ActiveCfg = Release|Win32
		{5DB63BB1-207F-43FE-AA19-E89A83DA77F3}.Ch2Ex2|x86.Build.0 = Release|Win32
		{5DB63BB1-207F-43FE-AA19-E89A83DA77F3}.Ch2Ex3|x64.ActiveCfg = Release|x64
		{5DB63BB1-207F-43FE-AA19-E89A83DA77F3}.Ch2Ex3|x64.Build.0 = Release|x64
		{5DB63BB1-207F-43FE-AA19-E89A83DA77F3}.Ch2Ex3|x86.ActiveCfg = Release|Win32
		{5DB63BB1-207F-43FE-AA19-E89A83DA77F3}.Ch2Ex3|x86.Build.0 = Release|Win32
		{5DB63BB1-207F-43FE-AA19-E89A83DA77F3}.Debug|x64.ActiveCfg = Debug|x64
		{5DB63BB1-207F-43FE-AA19-E89A83DA77F3}.Debug|x64.Build.0 = Debug|x64
		{5DB63BB1-207F-43FE-AA19-E89A83DA77F3}.Debug|x86.ActiveCfg = Debug|Win32
		{5DB63BB1-207F-43FE-AA19-E89A83DA77F3}.Debug|x86.Build.0 = Debug|Win32
		{5DB63BB1-207F-43FE-AA19-E89A83DA77F3}.Release|x64.ActiveCfg = Release|x64
		{5DB63BB1-207F-43FE-AA19-E89A83DA77F3}.Release|x64.Build.0 = Release|x64
		{5DB63BB1-207F-43FE-AA19-E89A83DA77F3}.Release|x86.ActiveCfg = Release|Win32
		{5DB63BB1-207F-43FE-AA19-E89A83DA77F3}.Release|x86.Build.0 = Release|Win32
	EndGlobalSection
	GlobalSection(SolutionProperties) = preSolution
		HideSolutionNode = FALSE
	EndGlobalSection
	GlobalSection(NestedProjects) = preSolution
		{7F1B799D-0E78-49E7-8883-4EFC935B11CA} = {C148CF56-035A-4996-9FEF-3D69C1EFA7B1}
		{B20F1227-8DA9-4741-98BF-5EF25E261434} = {C148CF56-035A-4996-9FEF-3D69C1EFA7B1}
		{52E59149-28F3-4CCF-BFF1-B849B0B40553} = {C148CF56-035A-4996-9FEF-3D69C1EFA7B1}
		{865F0152-0C2A-4763-B091-BD506D1C707E} = {C148CF56-035A-4996-9FEF-3D69C1EFA7B1}
		{674E3F36-5367-4F71-B618-E0C4B7532902} = {C148CF56-035A-4996-9FEF-3D69C1EFA7B1}
		{AD194E8B-84D8-4028-8BCF-5CAF91B47060} = {C148CF56-035A-4996-9FEF-3D69C1EFA7B1}
		{80BF7620-C59D-4955-9462-6EE77A230FCA} = {C148CF56-035A-4996-9FEF-3D69C1EFA7B1}
		{E08F39E1-FF09-4272-8F43-2FAE8A5A795C} = {C148CF56-035A-4996-9FEF-3D69C1EFA7B1}
		{52B39283-68E8-4351-985C-D1C77F4768BB} = {C148CF56-035A-4996-9FEF-3D69C1EFA7B1}
		{46244DF0-0344-4B5D-B3EF-1AE89FCF9458} = {C148CF56-035A-4996-9FEF-3D69C1EFA7B1}
		{5E38A345-F3EC-4372-BC7F-1B33A67E4BFC} = {C148CF56-035A-4996-9FEF-3D69C1EFA7B1}
		{C77F1A58-9C84-48AA-B743-7A3A58473AB6} = {C148CF56-035A-4996-9FEF-3D69C1EFA7B1}
		{2AD41DD5-4E45-46EC-AEFB-5C60E399DC0A} = {C148CF56-035A-4996-9FEF-3D69C1EFA7B1}
		{8AC37836-8E10-4A4C-946D-BBB6BCBAE028} = {C148CF56-035A-4996-9FEF-3D69C1EFA7B1}
		{5DB63BB1-207F-43FE-AA19-E89A83DA77F3} = {C148CF56-035A-4996-9FEF-3D69C1EFA7B1}
	EndGlobalSection
EndGlobal
